
Microsoft Visual Studio Solution File, Format Version 12.00
# Visual Studio Version 17
VisualStudioVersion = 17.9.34616.47
MinimumVisualStudioVersion = 10.0.40219.1
Project("{888888A0-9F3D-457C-B088-3A5042F75D52}") = "FIRST_PROJECT_INPYTHON", "FIRST_PROJECT_INPYTHON\FIRST_PROJECT_INPYTHON.pyproj", "{61ABE23E-0276-4168-AE3E-34FA4BA74AA8}"
EndProject
Global
	GlobalSection(SolutionConfigurationPlatforms) = preSolution
		Debug|Any CPU = Debug|Any CPU
		Release|Any CPU = Release|Any CPU
	EndGlobalSection
	GlobalSection(ProjectConfigurationPlatforms) = postSolution
		{61ABE23E-0276-4168-AE3E-34FA4BA74AA8}.Debug|Any CPU.ActiveCfg = Debug|Any CPU
		{61ABE23E-0276-4168-AE3E-34FA4BA74AA8}.Release|Any CPU.ActiveCfg = Release|Any CPU
	EndGlobalSection
	GlobalSection(SolutionProperties) = preSolution
		HideSolutionNode = FALSE
	EndGlobalSection
	GlobalSection(ExtensibilityGlobals) = postSolution
		SolutionGuid = {73EA5CF6-6125-4D75-9C5F-EA32293DEE7E}
	EndGlobalSection
EndGlobal
